
Microsoft Visual Studio Solution File, Format Version 12.00
# Visual Studio Version 17
VisualStudioVersion = 17.4.33205.214
MinimumVisualStudioVersion = 10.0.40219.1
Project("{9A19103F-16F7-4668-BE54-9A1E7A4F7556}") = "BoardManager", "BoardManager\BoardManager.csproj", "{C564CF61-A161-4F20-BC3D-2D25D96A6263}"
EndProject
Project("{9A19103F-16F7-4668-BE54-9A1E7A4F7556}") = "BoardManagerTest", "BoardManagerTest\BoardManagerTest.csproj", "{294BED0C-0141-4327-8B5C-45426B95403F}"
EndProject
Project("{2150E333-8FDC-42A3-9474-1A3956D46DE8}") = "github", "github", "{489BE40B-EA66-4B3E-B9B0-3786F681CD05}"
	ProjectSection(SolutionItems) = preProject
		.github\dependabot.yml = .github\dependabot.yml
	EndProjectSection
EndProject
Project("{2150E333-8FDC-42A3-9474-1A3956D46DE8}") = "workflows", "workflows", "{EC5C2D74-BDE8-4FA1-8C35-ADF1D59BAFE7}"
	ProjectSection(SolutionItems) = preProject
		.github\workflows\main.yml = .github\workflows\main.yml
	EndProjectSection
EndProject
Project("{2150E333-8FDC-42A3-9474-1A3956D46DE8}") = "Configuration", "Configuration", "{82B339B2-A3DA-46B2-A23B-773914419531}"
	ProjectSection(SolutionItems) = preProject
		README.md = README.md
	EndProjectSection
EndProject
Project("{E24C65DC-7377-472B-9ABA-BC803B73C61A}") = "Help", "Help\", "{467CDD18-971B-402A-8964-3FDAC303EEAD}"
	ProjectSection(WebsiteProperties) = preProject
		TargetFrameworkMoniker = ".NETFramework,Version%3Dv4.8"
		Debug.AspNetCompiler.VirtualPath = "/localhost_26284"
		Debug.AspNetCompiler.PhysicalPath = "Help\"
		Debug.AspNetCompiler.TargetPath = "PrecompiledWeb\localhost_26284\"
		Debug.AspNetCompiler.Updateable = "false"
		Debug.AspNetCompiler.ForceOverwrite = "true"
		Debug.AspNetCompiler.FixedNames = "false"
		Debug.AspNetCompiler.Debug = "True"
		Release.AspNetCompiler.VirtualPath = "/localhost_26284"
		Release.AspNetCompiler.PhysicalPath = "Help\"
		Release.AspNetCompiler.TargetPath = "PrecompiledWeb\localhost_26284\"
		Release.AspNetCompiler.Updateable = "false"
		Release.AspNetCompiler.ForceOverwrite = "true"
		Release.AspNetCompiler.FixedNames = "false"
		Release.AspNetCompiler.Debug = "False"
		VWDPort = "26284"
		SlnRelativePath = "Help\"
	EndProjectSection
EndProject
Global
	GlobalSection(SolutionConfigurationPlatforms) = preSolution
		Debug|Any CPU = Debug|Any CPU
		Release|Any CPU = Release|Any CPU
	EndGlobalSection
	GlobalSection(ProjectConfigurationPlatforms) = postSolution
		{C564CF61-A161-4F20-BC3D-2D25D96A6263}.Debug|Any CPU.ActiveCfg = Debug|Any CPU
		{C564CF61-A161-4F20-BC3D-2D25D96A6263}.Debug|Any CPU.Build.0 = Debug|Any CPU
		{C564CF61-A161-4F20-BC3D-2D25D96A6263}.Release|Any CPU.ActiveCfg = Release|Any CPU
		{C564CF61-A161-4F20-BC3D-2D25D96A6263}.Release|Any CPU.Build.0 = Release|Any CPU
		{294BED0C-0141-4327-8B5C-45426B95403F}.Debug|Any CPU.ActiveCfg = Debug|Any CPU
		{294BED0C-0141-4327-8B5C-45426B95403F}.Debug|Any CPU.Build.0 = Debug|Any CPU
		{294BED0C-0141-4327-8B5C-45426B95403F}.Release|Any CPU.ActiveCfg = Release|Any CPU
		{294BED0C-0141-4327-8B5C-45426B95403F}.Release|Any CPU.Build.0 = Release|Any CPU
		{467CDD18-971B-402A-8964-3FDAC303EEAD}.Debug|Any CPU.ActiveCfg = Debug|Any CPU
		{467CDD18-971B-402A-8964-3FDAC303EEAD}.Release|Any CPU.ActiveCfg = Debug|Any CPU
	EndGlobalSection
	GlobalSection(SolutionProperties) = preSolution
		HideSolutionNode = FALSE
	EndGlobalSection
	GlobalSection(NestedProjects) = preSolution
		{EC5C2D74-BDE8-4FA1-8C35-ADF1D59BAFE7} = {489BE40B-EA66-4B3E-B9B0-3786F681CD05}
	EndGlobalSection
	GlobalSection(ExtensibilityGlobals) = postSolution
		SolutionGuid = {64CB34E0-F540-4211-B65E-F135C292B230}
	EndGlobalSection
EndGlobal
